
Microsoft Visual Studio Solution File, Format Version 12.00
# Visual Studio Version 16
VisualStudioVersion = 16.0.31613.86
MinimumVisualStudioVersion = 10.0.40219.1
Project("{FAE04EC0-301F-11D3-BF4B-00C04F79EFBC}") = "WpfApp1", "WpfApp1\WpfApp1.csproj", "{76689E19-1DE1-4E58-8F88-F3D71DF81546}"
EndProject
Global
	GlobalSection(SolutionConfigurationPlatforms) = preSolution
		Debug|Any CPU = Debug|Any CPU
		Release|Any CPU = Release|Any CPU
	EndGlobalSection
	GlobalSection(ProjectConfigurationPlatforms) = postSolution
		{76689E19-1DE1-4E58-8F88-F3D71DF81546}.Debug|Any CPU.ActiveCfg = Debug|Any CPU
		{76689E19-1DE1-4E58-8F88-F3D71DF81546}.Debug|Any CPU.Build.0 = Debug|Any CPU
		{76689E19-1DE1-4E58-8F88-F3D71DF81546}.Release|Any CPU.ActiveCfg = Release|Any CPU
		{76689E19-1DE1-4E58-8F88-F3D71DF81546}.Release|Any CPU.Build.0 = Release|Any CPU
	EndGlobalSection
	GlobalSection(SolutionProperties) = preSolution
		HideSolutionNode = FALSE
	EndGlobalSection
	GlobalSection(ExtensibilityGlobals) = postSolution
		SolutionGuid = {A0360153-B819-4C8A-ABD4-50ABCC3332D2}
	EndGlobalSection
EndGlobal
